
Microsoft Visual Studio Solution File, Format Version 12.00
# Visual Studio 15
VisualStudioVersion = 15.0.27004.2006
MinimumVisualStudioVersion = 10.0.40219.1
Project("{FAE04EC0-301F-11D3-BF4B-00C04F79EFBC}") = "EcommerceTracker", "EcommerceTracker\EcommerceTracker.csproj", "{741D8348-5AED-47DB-9C2D-F7741F0BD0F2}"
EndProject
Project("{FAE04EC0-301F-11D3-BF4B-00C04F79EFBC}") = "EcommerceTracker.Domain", "EcommerceTracker.Domain\EcommerceTracker.Domain.csproj", "{7E58E6C9-38E8-4C5E-BF2C-C8D45A772AE1}"
EndProject
Project("{FAE04EC0-301F-11D3-BF4B-00C04F79EFBC}") = "EcommerceTracker.DataAccess", "EcommerceTracker.DataAccess\EcommerceTracker.DataAccess.csproj", "{314E2201-F5C6-4247-B200-55C066EF6772}"
EndProject
Project("{FAE04EC0-301F-11D3-BF4B-00C04F79EFBC}") = "EcommerceTracker.Services", "EcommerceTracker.Services\EcommerceTracker.Services.csproj", "{E73318C9-4317-42B2-8FD1-DD0B0A62B7B3}"
EndProject
Global
	GlobalSection(SolutionConfigurationPlatforms) = preSolution
		Debug|Any CPU = Debug|Any CPU
		Release|Any CPU = Release|Any CPU
	EndGlobalSection
	GlobalSection(ProjectConfigurationPlatforms) = postSolution
		{741D8348-5AED-47DB-9C2D-F7741F0BD0F2}.Debug|Any CPU.ActiveCfg = Debug|Any CPU
		{741D8348-5AED-47DB-9C2D-F7741F0BD0F2}.Debug|Any CPU.Build.0 = Debug|Any CPU
		{741D8348-5AED-47DB-9C2D-F7741F0BD0F2}.Release|Any CPU.ActiveCfg = Release|Any CPU
		{741D8348-5AED-47DB-9C2D-F7741F0BD0F2}.Release|Any CPU.Build.0 = Release|Any CPU
		{7E58E6C9-38E8-4C5E-BF2C-C8D45A772AE1}.Debug|Any CPU.ActiveCfg = Debug|Any CPU
		{7E58E6C9-38E8-4C5E-BF2C-C8D45A772AE1}.Debug|Any CPU.Build.0 = Debug|Any CPU
		{7E58E6C9-38E8-4C5E-BF2C-C8D45A772AE1}.Release|Any CPU.ActiveCfg = Release|Any CPU
		{7E58E6C9-38E8-4C5E-BF2C-C8D45A772AE1}.Release|Any CPU.Build.0 = Release|Any CPU
		{314E2201-F5C6-4247-B200-55C066EF6772}.Debug|Any CPU.ActiveCfg = Debug|Any CPU
		{314E2201-F5C6-4247-B200-55C066EF6772}.Debug|Any CPU.Build.0 = Debug|Any CPU
		{314E2201-F5C6-4247-B200-55C066EF6772}.Release|Any CPU.ActiveCfg = Release|Any CPU
		{314E2201-F5C6-4247-B200-55C066EF6772}.Release|Any CPU.Build.0 = Release|Any CPU
		{E73318C9-4317-42B2-8FD1-DD0B0A62B7B3}.Debug|Any CPU.ActiveCfg = Debug|Any CPU
		{E73318C9-4317-42B2-8FD1-DD0B0A62B7B3}.Debug|Any CPU.Build.0 = Debug|Any CPU
		{E73318C9-4317-42B2-8FD1-DD0B0A62B7B3}.Release|Any CPU.ActiveCfg = Release|Any CPU
		{E73318C9-4317-42B2-8FD1-DD0B0A62B7B3}.Release|Any CPU.Build.0 = Release|Any CPU
	EndGlobalSection
	GlobalSection(SolutionProperties) = preSolution
		HideSolutionNode = FALSE
	EndGlobalSection
	GlobalSection(ExtensibilityGlobals) = postSolution
		SolutionGuid = {CCDFE6B9-449A-4F6F-B08C-1F08AA046897}
	EndGlobalSection
EndGlobal
